
Microsoft Visual Studio Solution File, Format Version 12.00
# Visual Studio 14
VisualStudioVersion = 14.0.25420.1
MinimumVisualStudioVersion = 10.0.40219.1
Project("{FAE04EC0-301F-11D3-BF4B-00C04F79EFBC}") = "HelloWorldWithTests", "HelloWorldWithTests\HelloWorldWithTests.csproj", "{3CF13201-8754-4BB2-AE29-F51565D84D54}"
EndProject
Project("{FAE04EC0-301F-11D3-BF4B-00C04F79EFBC}") = "HelloWorldBusiness", "HelloWorldBusiness\HelloWorldBusiness.csproj", "{89E74B91-F021-48F0-BCC6-DEEA91FF055C}"
EndProject
Project("{2150E333-8FDC-42A3-9474-1A3956D46DE8}") = "Tests", "Tests", "{FF88F80B-F5DD-4A8E-B3E1-58B416C0BD17}"
EndProject
Project("{FAE04EC0-301F-11D3-BF4B-00C04F79EFBC}") = "HelloWorldBusinessTests", "_Tests\HelloWorldBusinessTests\HelloWorldBusinessTests.csproj", "{1FD599E9-E03E-4F51-A06C-18B3C5D9C902}"
EndProject
Global
	GlobalSection(SolutionConfigurationPlatforms) = preSolution
		Debug|Any CPU = Debug|Any CPU
		Release|Any CPU = Release|Any CPU
	EndGlobalSection
	GlobalSection(ProjectConfigurationPlatforms) = postSolution
		{3CF13201-8754-4BB2-AE29-F51565D84D54}.Debug|Any CPU.ActiveCfg = Debug|Any CPU
		{3CF13201-8754-4BB2-AE29-F51565D84D54}.Debug|Any CPU.Build.0 = Debug|Any CPU
		{3CF13201-8754-4BB2-AE29-F51565D84D54}.Release|Any CPU.ActiveCfg = Release|Any CPU
		{3CF13201-8754-4BB2-AE29-F51565D84D54}.Release|Any CPU.Build.0 = Release|Any CPU
		{89E74B91-F021-48F0-BCC6-DEEA91FF055C}.Debug|Any CPU.ActiveCfg = Debug|Any CPU
		{89E74B91-F021-48F0-BCC6-DEEA91FF055C}.Debug|Any CPU.Build.0 = Debug|Any CPU
		{89E74B91-F021-48F0-BCC6-DEEA91FF055C}.Release|Any CPU.ActiveCfg = Release|Any CPU
		{89E74B91-F021-48F0-BCC6-DEEA91FF055C}.Release|Any CPU.Build.0 = Release|Any CPU
		{1FD599E9-E03E-4F51-A06C-18B3C5D9C902}.Debug|Any CPU.ActiveCfg = Debug|Any CPU
		{1FD599E9-E03E-4F51-A06C-18B3C5D9C902}.Debug|Any CPU.Build.0 = Debug|Any CPU
		{1FD599E9-E03E-4F51-A06C-18B3C5D9C902}.Release|Any CPU.ActiveCfg = Release|Any CPU
		{1FD599E9-E03E-4F51-A06C-18B3C5D9C902}.Release|Any CPU.Build.0 = Release|Any CPU
	EndGlobalSection
	GlobalSection(SolutionProperties) = preSolution
		HideSolutionNode = FALSE
	EndGlobalSection
	GlobalSection(NestedProjects) = preSolution
		{1FD599E9-E03E-4F51-A06C-18B3C5D9C902} = {FF88F80B-F5DD-4A8E-B3E1-58B416C0BD17}
	EndGlobalSection
EndGlobal
